// !$*UTF8*$!
{
	archiveVersion = 1;
	classes = {
	};
	objectVersion = 51;
	objects = {

/* Begin PBXBuildFile section */
		06AAC2B958D311CB4B9A39A5 /* Pods_TMDBKit_TMDBKitTests.framework in Frameworks */ = {isa = PBXBuildFile; fileRef = 772CF746EAD042F18B473130 /* Pods_TMDBKit_TMDBKitTests.framework */; };
		141F9DA4B436700270630E59 /* Pods_MovieTestApp.framework in Frameworks */ = {isa = PBXBuildFile; fileRef = 1EFED75F01F80F09B8E9659B /* Pods_MovieTestApp.framework */; };
		6015B21B91D525AC3A84417F /* Pods_MovieTestApp_MovieTestAppUITests.framework in Frameworks */ = {isa = PBXBuildFile; fileRef = 2F9BED60F9025C9923AAC7B0 /* Pods_MovieTestApp_MovieTestAppUITests.framework */; };
		C98AA88E254A32FE00A52C82 /* AppDelegate.swift in Sources */ = {isa = PBXBuildFile; fileRef = C98AA88D254A32FE00A52C82 /* AppDelegate.swift */; };
		C98AA890254A32FE00A52C82 /* SceneDelegate.swift in Sources */ = {isa = PBXBuildFile; fileRef = C98AA88F254A32FE00A52C82 /* SceneDelegate.swift */; };
		C98AA892254A32FE00A52C82 /* ViewController.swift in Sources */ = {isa = PBXBuildFile; fileRef = C98AA891254A32FE00A52C82 /* ViewController.swift */; };
		C98AA898254A32FE00A52C82 /* MovieTestApp.xcdatamodeld in Sources */ = {isa = PBXBuildFile; fileRef = C98AA896254A32FE00A52C82 /* MovieTestApp.xcdatamodeld */; };
		C98AA89A254A330200A52C82 /* Assets.xcassets in Resources */ = {isa = PBXBuildFile; fileRef = C98AA899254A330200A52C82 /* Assets.xcassets */; };
		C98AA89D254A330200A52C82 /* LaunchScreen.storyboard in Resources */ = {isa = PBXBuildFile; fileRef = C98AA89B254A330200A52C82 /* LaunchScreen.storyboard */; };
		C98AA8A8254A330300A52C82 /* MovieTestAppTests.swift in Sources */ = {isa = PBXBuildFile; fileRef = C98AA8A7254A330300A52C82 /* MovieTestAppTests.swift */; };
		C98AA8B3254A330300A52C82 /* MovieTestAppUITests.swift in Sources */ = {isa = PBXBuildFile; fileRef = C98AA8B2254A330300A52C82 /* MovieTestAppUITests.swift */; };
		C98AA8DB254A41A200A52C82 /* Configuration.swift in Sources */ = {isa = PBXBuildFile; fileRef = C98AA8DA254A41A200A52C82 /* Configuration.swift */; };
		C98AA92B254A42DA00A52C82 /* TMDBKit.framework in Frameworks */ = {isa = PBXBuildFile; fileRef = C98AA922254A42DA00A52C82 /* TMDBKit.framework */; };
		C98AA932254A42DA00A52C82 /* TMDBKitTests.swift in Sources */ = {isa = PBXBuildFile; fileRef = C98AA931254A42DA00A52C82 /* TMDBKitTests.swift */; };
		C98AA934254A42DA00A52C82 /* TMDBKit.h in Headers */ = {isa = PBXBuildFile; fileRef = C98AA924254A42DA00A52C82 /* TMDBKit.h */; settings = {ATTRIBUTES = (Public, ); }; };
		C98AA937254A42DA00A52C82 /* TMDBKit.framework in Frameworks */ = {isa = PBXBuildFile; fileRef = C98AA922254A42DA00A52C82 /* TMDBKit.framework */; };
		C98AA938254A42DA00A52C82 /* TMDBKit.framework in Embed Frameworks */ = {isa = PBXBuildFile; fileRef = C98AA922254A42DA00A52C82 /* TMDBKit.framework */; settings = {ATTRIBUTES = (CodeSignOnCopy, RemoveHeadersOnCopy, ); }; };
		C98AA945254A430800A52C82 /* TMDBConfiguration.swift in Sources */ = {isa = PBXBuildFile; fileRef = C98AA944254A430800A52C82 /* TMDBConfiguration.swift */; };
		C98AA94C254A464200A52C82 /* TMDBRoute.swift in Sources */ = {isa = PBXBuildFile; fileRef = C98AA94B254A464200A52C82 /* TMDBRoute.swift */; };
		C98AA96B254A4A5C00A52C82 /* TMDBUrlEncoder.swift in Sources */ = {isa = PBXBuildFile; fileRef = C98AA967254A4A5C00A52C82 /* TMDBUrlEncoder.swift */; };
		C98AA978254A4A7000A52C82 /* TMDBMoviesResponse.swift in Sources */ = {isa = PBXBuildFile; fileRef = C98AA976254A4A6F00A52C82 /* TMDBMoviesResponse.swift */; };
		C98AA989254A551E00A52C82 /* TMDBQueryParameter.swift in Sources */ = {isa = PBXBuildFile; fileRef = C98AA988254A551E00A52C82 /* TMDBQueryParameter.swift */; };
		C98AA990254A5CC600A52C82 /* MovieServiceProtocol.swift in Sources */ = {isa = PBXBuildFile; fileRef = C98AA98F254A5CC600A52C82 /* MovieServiceProtocol.swift */; };
		C98AA99F254A5FC000A52C82 /* TMDBMovie.swift in Sources */ = {isa = PBXBuildFile; fileRef = C98AA996254A5FBF00A52C82 /* TMDBMovie.swift */; };
		C98AA9A6254A5FC000A52C82 /* TMDBSearchType.swift in Sources */ = {isa = PBXBuildFile; fileRef = C98AA99D254A5FC000A52C82 /* TMDBSearchType.swift */; };
		C98AA9B5254A615A00A52C82 /* TMDBMovieService.swift in Sources */ = {isa = PBXBuildFile; fileRef = C98AA9B4254A615A00A52C82 /* TMDBMovieService.swift */; };
		C98AA9BB254A621500A52C82 /* TMDBService.swift in Sources */ = {isa = PBXBuildFile; fileRef = C98AA9BA254A621500A52C82 /* TMDBService.swift */; };
		C98AA9C1254A628B00A52C82 /* TMDBResponse.swift in Sources */ = {isa = PBXBuildFile; fileRef = C98AA9C0254A628B00A52C82 /* TMDBResponse.swift */; };
		C98AA9C7254A62C600A52C82 /* TMDBError.swift in Sources */ = {isa = PBXBuildFile; fileRef = C98AA9C6254A62C600A52C82 /* TMDBError.swift */; };
		C98AAA07254AD74700A52C82 /* TMDBImage.swift in Sources */ = {isa = PBXBuildFile; fileRef = C98AAA06254AD74700A52C82 /* TMDBImage.swift */; };
		C98AAA1C254ADC4000A52C82 /* MoviesTabBarController.swift in Sources */ = {isa = PBXBuildFile; fileRef = C98AAA1B254ADC4000A52C82 /* MoviesTabBarController.swift */; };
		C98AAA23254ADCE900A52C82 /* Colors.swift in Sources */ = {isa = PBXBuildFile; fileRef = C98AAA22254ADCE900A52C82 /* Colors.swift */; };
		C98AAA2A254ADDAD00A52C82 /* MoviesTabBarViewModelProtocol.swift in Sources */ = {isa = PBXBuildFile; fileRef = C98AAA29254ADDAD00A52C82 /* MoviesTabBarViewModelProtocol.swift */; };
		C98AAA30254ADEA400A52C82 /* MoviesTabBarViewModel.swift in Sources */ = {isa = PBXBuildFile; fileRef = C98AAA2F254ADEA400A52C82 /* MoviesTabBarViewModel.swift */; };
		C98AAA3B254AE4A100A52C82 /* TMDBSearchType+BarItem.swift in Sources */ = {isa = PBXBuildFile; fileRef = C98AAA3A254AE4A100A52C82 /* TMDBSearchType+BarItem.swift */; };
		C98AAA4A254AE69000A52C82 /* MoviesViewModelProtocol.swift in Sources */ = {isa = PBXBuildFile; fileRef = C98AAA49254AE69000A52C82 /* MoviesViewModelProtocol.swift */; };
		C98AAA50254AE79900A52C82 /* MoviesViewModel.swift in Sources */ = {isa = PBXBuildFile; fileRef = C98AAA4F254AE79900A52C82 /* MoviesViewModel.swift */; };
		C98AAA57254AE8EF00A52C82 /* MoviesViewController.swift in Sources */ = {isa = PBXBuildFile; fileRef = C98AAA56254AE8EF00A52C82 /* MoviesViewController.swift */; };
		C98AAA66254AED0000A52C82 /* LoadingView.swift in Sources */ = {isa = PBXBuildFile; fileRef = C98AAA65254AED0000A52C82 /* LoadingView.swift */; };
		C98AAA7C254AF53D00A52C82 /* MoviesCollectionViewCell.swift in Sources */ = {isa = PBXBuildFile; fileRef = C98AAA7A254AF53D00A52C82 /* MoviesCollectionViewCell.swift */; };
		C98AAA7D254AF53D00A52C82 /* MoviesCollectionViewCell.xib in Resources */ = {isa = PBXBuildFile; fileRef = C98AAA7B254AF53D00A52C82 /* MoviesCollectionViewCell.xib */; };
		C98AAA93254B03C100A52C82 /* UIImageView+Nuke.swift in Sources */ = {isa = PBXBuildFile; fileRef = C98AAA92254B03C100A52C82 /* UIImageView+Nuke.swift */; };
		C98AAA99254B10AB00A52C82 /* UIView+Helpers.swift in Sources */ = {isa = PBXBuildFile; fileRef = C98AAA98254B10AB00A52C82 /* UIView+Helpers.swift */; };
		C98AAA9F254B10E300A52C82 /* UICollectionView+Dequeue.swift in Sources */ = {isa = PBXBuildFile; fileRef = C98AAA9E254B10E300A52C82 /* UICollectionView+Dequeue.swift */; };
		C98AAAA5254B29C000A52C82 /* MoviesCollectionView.swift in Sources */ = {isa = PBXBuildFile; fileRef = C98AAAA4254B29C000A52C82 /* MoviesCollectionView.swift */; };
		DF7F2072A75B3ADAD7E71CE3 /* Pods_TMDBKit.framework in Frameworks */ = {isa = PBXBuildFile; fileRef = A3D4626794CEAAB8B6F5962D /* Pods_TMDBKit.framework */; };
		F363E6F9D720D49767F7EF5F /* Pods_MovieTestAppTests.framework in Frameworks */ = {isa = PBXBuildFile; fileRef = 8CEA69EE88FF19AA2C1243E3 /* Pods_MovieTestAppTests.framework */; };
/* End PBXBuildFile section */

/* Begin PBXContainerItemProxy section */
		C98AA8A4254A330200A52C82 /* PBXContainerItemProxy */ = {
			isa = PBXContainerItemProxy;
			containerPortal = C98AA882254A32FE00A52C82 /* Project object */;
			proxyType = 1;
			remoteGlobalIDString = C98AA889254A32FE00A52C82;
			remoteInfo = MovieTestApp;
		};
		C98AA8AF254A330300A52C82 /* PBXContainerItemProxy */ = {
			isa = PBXContainerItemProxy;
			containerPortal = C98AA882254A32FE00A52C82 /* Project object */;
			proxyType = 1;
			remoteGlobalIDString = C98AA889254A32FE00A52C82;
			remoteInfo = MovieTestApp;
		};
		C98AA92C254A42DA00A52C82 /* PBXContainerItemProxy */ = {
			isa = PBXContainerItemProxy;
			containerPortal = C98AA882254A32FE00A52C82 /* Project object */;
			proxyType = 1;
			remoteGlobalIDString = C98AA921254A42DA00A52C82;
			remoteInfo = TMDBKit;
		};
		C98AA92E254A42DA00A52C82 /* PBXContainerItemProxy */ = {
			isa = PBXContainerItemProxy;
			containerPortal = C98AA882254A32FE00A52C82 /* Project object */;
			proxyType = 1;
			remoteGlobalIDString = C98AA889254A32FE00A52C82;
			remoteInfo = MovieTestApp;
		};
		C98AA935254A42DA00A52C82 /* PBXContainerItemProxy */ = {
			isa = PBXContainerItemProxy;
			containerPortal = C98AA882254A32FE00A52C82 /* Project object */;
			proxyType = 1;
			remoteGlobalIDString = C98AA921254A42DA00A52C82;
			remoteInfo = TMDBKit;
		};
/* End PBXContainerItemProxy section */

/* Begin PBXCopyFilesBuildPhase section */
		C98AA939254A42DA00A52C82 /* Embed Frameworks */ = {
			isa = PBXCopyFilesBuildPhase;
			buildActionMask = 2147483647;
			dstPath = "";
			dstSubfolderSpec = 10;
			files = (
				C98AA938254A42DA00A52C82 /* TMDBKit.framework in Embed Frameworks */,
			);
			name = "Embed Frameworks";
			runOnlyForDeploymentPostprocessing = 0;
		};
/* End PBXCopyFilesBuildPhase section */

/* Begin PBXFileReference section */
		0F10CC18762A7940CE50054B /* Pods-MovieTestAppTests.release.xcconfig */ = {isa = PBXFileReference; includeInIndex = 1; lastKnownFileType = text.xcconfig; name = "Pods-MovieTestAppTests.release.xcconfig"; path = "Target Support Files/Pods-MovieTestAppTests/Pods-MovieTestAppTests.release.xcconfig"; sourceTree = "<group>"; };
		1EFED75F01F80F09B8E9659B /* Pods_MovieTestApp.framework */ = {isa = PBXFileReference; explicitFileType = wrapper.framework; includeInIndex = 0; path = Pods_MovieTestApp.framework; sourceTree = BUILT_PRODUCTS_DIR; };
		2BF685720BBB6712DEEBD9A2 /* Pods-MovieTestApp-MovieTestAppUITests.debug.xcconfig */ = {isa = PBXFileReference; includeInIndex = 1; lastKnownFileType = text.xcconfig; name = "Pods-MovieTestApp-MovieTestAppUITests.debug.xcconfig"; path = "Target Support Files/Pods-MovieTestApp-MovieTestAppUITests/Pods-MovieTestApp-MovieTestAppUITests.debug.xcconfig"; sourceTree = "<group>"; };
		2F9BED60F9025C9923AAC7B0 /* Pods_MovieTestApp_MovieTestAppUITests.framework */ = {isa = PBXFileReference; explicitFileType = wrapper.framework; includeInIndex = 0; path = Pods_MovieTestApp_MovieTestAppUITests.framework; sourceTree = BUILT_PRODUCTS_DIR; };
		3956A86A66196421E681A192 /* Pods-TMDBKit-TMDBKitTests.release.xcconfig */ = {isa = PBXFileReference; includeInIndex = 1; lastKnownFileType = text.xcconfig; name = "Pods-TMDBKit-TMDBKitTests.release.xcconfig"; path = "Target Support Files/Pods-TMDBKit-TMDBKitTests/Pods-TMDBKit-TMDBKitTests.release.xcconfig"; sourceTree = "<group>"; };
		505BE5E2625C48F8B59AA2A8 /* Pods-MovieTestAppTests.debug.xcconfig */ = {isa = PBXFileReference; includeInIndex = 1; lastKnownFileType = text.xcconfig; name = "Pods-MovieTestAppTests.debug.xcconfig"; path = "Target Support Files/Pods-MovieTestAppTests/Pods-MovieTestAppTests.debug.xcconfig"; sourceTree = "<group>"; };
		55B6BFF8615358EF7F0CD0BA /* Pods-MovieTestApp.release.xcconfig */ = {isa = PBXFileReference; includeInIndex = 1; lastKnownFileType = text.xcconfig; name = "Pods-MovieTestApp.release.xcconfig"; path = "Target Support Files/Pods-MovieTestApp/Pods-MovieTestApp.release.xcconfig"; sourceTree = "<group>"; };
		5BC703A495481BDFC6F1CB41 /* Pods-TMDBKit.debug.xcconfig */ = {isa = PBXFileReference; includeInIndex = 1; lastKnownFileType = text.xcconfig; name = "Pods-TMDBKit.debug.xcconfig"; path = "Target Support Files/Pods-TMDBKit/Pods-TMDBKit.debug.xcconfig"; sourceTree = "<group>"; };
		772CF746EAD042F18B473130 /* Pods_TMDBKit_TMDBKitTests.framework */ = {isa = PBXFileReference; explicitFileType = wrapper.framework; includeInIndex = 0; path = Pods_TMDBKit_TMDBKitTests.framework; sourceTree = BUILT_PRODUCTS_DIR; };
		8CEA69EE88FF19AA2C1243E3 /* Pods_MovieTestAppTests.framework */ = {isa = PBXFileReference; explicitFileType = wrapper.framework; includeInIndex = 0; path = Pods_MovieTestAppTests.framework; sourceTree = BUILT_PRODUCTS_DIR; };
		A3D4626794CEAAB8B6F5962D /* Pods_TMDBKit.framework */ = {isa = PBXFileReference; explicitFileType = wrapper.framework; includeInIndex = 0; path = Pods_TMDBKit.framework; sourceTree = BUILT_PRODUCTS_DIR; };
		A6DF23D1CDE4BA550CF99DA2 /* Pods-MovieTestApp-MovieTestAppUITests.release.xcconfig */ = {isa = PBXFileReference; includeInIndex = 1; lastKnownFileType = text.xcconfig; name = "Pods-MovieTestApp-MovieTestAppUITests.release.xcconfig"; path = "Target Support Files/Pods-MovieTestApp-MovieTestAppUITests/Pods-MovieTestApp-MovieTestAppUITests.release.xcconfig"; sourceTree = "<group>"; };
		AB55291D1DA299B49BD1FB3F /* Pods-MovieTestApp.debug.xcconfig */ = {isa = PBXFileReference; includeInIndex = 1; lastKnownFileType = text.xcconfig; name = "Pods-MovieTestApp.debug.xcconfig"; path = "Target Support Files/Pods-MovieTestApp/Pods-MovieTestApp.debug.xcconfig"; sourceTree = "<group>"; };
		AFA8EB06F3BA8B6FAD04729C /* Pods-TMDBKit-TMDBKitTests.debug.xcconfig */ = {isa = PBXFileReference; includeInIndex = 1; lastKnownFileType = text.xcconfig; name = "Pods-TMDBKit-TMDBKitTests.debug.xcconfig"; path = "Target Support Files/Pods-TMDBKit-TMDBKitTests/Pods-TMDBKit-TMDBKitTests.debug.xcconfig"; sourceTree = "<group>"; };
		C98AA88A254A32FE00A52C82 /* MovieTestApp.app */ = {isa = PBXFileReference; explicitFileType = wrapper.application; includeInIndex = 0; path = MovieTestApp.app; sourceTree = BUILT_PRODUCTS_DIR; };
		C98AA88D254A32FE00A52C82 /* AppDelegate.swift */ = {isa = PBXFileReference; lastKnownFileType = sourcecode.swift; path = AppDelegate.swift; sourceTree = "<group>"; };
		C98AA88F254A32FE00A52C82 /* SceneDelegate.swift */ = {isa = PBXFileReference; lastKnownFileType = sourcecode.swift; path = SceneDelegate.swift; sourceTree = "<group>"; };
		C98AA891254A32FE00A52C82 /* ViewController.swift */ = {isa = PBXFileReference; lastKnownFileType = sourcecode.swift; path = ViewController.swift; sourceTree = "<group>"; };
		C98AA897254A32FE00A52C82 /* MovieTestApp.xcdatamodel */ = {isa = PBXFileReference; lastKnownFileType = wrapper.xcdatamodel; path = MovieTestApp.xcdatamodel; sourceTree = "<group>"; };
		C98AA899254A330200A52C82 /* Assets.xcassets */ = {isa = PBXFileReference; lastKnownFileType = folder.assetcatalog; path = Assets.xcassets; sourceTree = "<group>"; };
		C98AA89C254A330200A52C82 /* Base */ = {isa = PBXFileReference; lastKnownFileType = file.storyboard; name = Base; path = Base.lproj/LaunchScreen.storyboard; sourceTree = "<group>"; };
		C98AA89E254A330200A52C82 /* Info.plist */ = {isa = PBXFileReference; lastKnownFileType = text.plist.xml; path = Info.plist; sourceTree = "<group>"; };
		C98AA8A3254A330200A52C82 /* MovieTestAppTests.xctest */ = {isa = PBXFileReference; explicitFileType = wrapper.cfbundle; includeInIndex = 0; path = MovieTestAppTests.xctest; sourceTree = BUILT_PRODUCTS_DIR; };
		C98AA8A7254A330300A52C82 /* MovieTestAppTests.swift */ = {isa = PBXFileReference; lastKnownFileType = sourcecode.swift; path = MovieTestAppTests.swift; sourceTree = "<group>"; };
		C98AA8A9254A330300A52C82 /* Info.plist */ = {isa = PBXFileReference; lastKnownFileType = text.plist.xml; path = Info.plist; sourceTree = "<group>"; };
		C98AA8AE254A330300A52C82 /* MovieTestAppUITests.xctest */ = {isa = PBXFileReference; explicitFileType = wrapper.cfbundle; includeInIndex = 0; path = MovieTestAppUITests.xctest; sourceTree = BUILT_PRODUCTS_DIR; };
		C98AA8B2254A330300A52C82 /* MovieTestAppUITests.swift */ = {isa = PBXFileReference; lastKnownFileType = sourcecode.swift; path = MovieTestAppUITests.swift; sourceTree = "<group>"; };
		C98AA8B4254A330300A52C82 /* Info.plist */ = {isa = PBXFileReference; lastKnownFileType = text.plist.xml; path = Info.plist; sourceTree = "<group>"; };
		C98AA8C4254A366100A52C82 /* Config.xcconfig */ = {isa = PBXFileReference; lastKnownFileType = text.xcconfig; path = Config.xcconfig; sourceTree = "<group>"; };
		C98AA8DA254A41A200A52C82 /* Configuration.swift */ = {isa = PBXFileReference; fileEncoding = 4; lastKnownFileType = sourcecode.swift; path = Configuration.swift; sourceTree = "<group>"; };
		C98AA922254A42DA00A52C82 /* TMDBKit.framework */ = {isa = PBXFileReference; explicitFileType = wrapper.framework; includeInIndex = 0; path = TMDBKit.framework; sourceTree = BUILT_PRODUCTS_DIR; };
		C98AA924254A42DA00A52C82 /* TMDBKit.h */ = {isa = PBXFileReference; lastKnownFileType = sourcecode.c.h; path = TMDBKit.h; sourceTree = "<group>"; };
		C98AA925254A42DA00A52C82 /* Info.plist */ = {isa = PBXFileReference; lastKnownFileType = text.plist.xml; path = Info.plist; sourceTree = "<group>"; };
		C98AA92A254A42DA00A52C82 /* TMDBKitTests.xctest */ = {isa = PBXFileReference; explicitFileType = wrapper.cfbundle; includeInIndex = 0; path = TMDBKitTests.xctest; sourceTree = BUILT_PRODUCTS_DIR; };
		C98AA931254A42DA00A52C82 /* TMDBKitTests.swift */ = {isa = PBXFileReference; lastKnownFileType = sourcecode.swift; path = TMDBKitTests.swift; sourceTree = "<group>"; };
		C98AA933254A42DA00A52C82 /* Info.plist */ = {isa = PBXFileReference; lastKnownFileType = text.plist.xml; path = Info.plist; sourceTree = "<group>"; };
		C98AA944254A430800A52C82 /* TMDBConfiguration.swift */ = {isa = PBXFileReference; lastKnownFileType = sourcecode.swift; path = TMDBConfiguration.swift; sourceTree = "<group>"; };
		C98AA94B254A464200A52C82 /* TMDBRoute.swift */ = {isa = PBXFileReference; lastKnownFileType = sourcecode.swift; path = TMDBRoute.swift; sourceTree = "<group>"; };
		C98AA967254A4A5C00A52C82 /* TMDBUrlEncoder.swift */ = {isa = PBXFileReference; fileEncoding = 4; lastKnownFileType = sourcecode.swift; path = TMDBUrlEncoder.swift; sourceTree = "<group>"; };
		C98AA976254A4A6F00A52C82 /* TMDBMoviesResponse.swift */ = {isa = PBXFileReference; fileEncoding = 4; lastKnownFileType = sourcecode.swift; path = TMDBMoviesResponse.swift; sourceTree = "<group>"; };
		C98AA988254A551E00A52C82 /* TMDBQueryParameter.swift */ = {isa = PBXFileReference; lastKnownFileType = sourcecode.swift; path = TMDBQueryParameter.swift; sourceTree = "<group>"; };
		C98AA98F254A5CC600A52C82 /* MovieServiceProtocol.swift */ = {isa = PBXFileReference; lastKnownFileType = sourcecode.swift; path = MovieServiceProtocol.swift; sourceTree = "<group>"; };
		C98AA996254A5FBF00A52C82 /* TMDBMovie.swift */ = {isa = PBXFileReference; fileEncoding = 4; lastKnownFileType = sourcecode.swift; path = TMDBMovie.swift; sourceTree = "<group>"; };
		C98AA99D254A5FC000A52C82 /* TMDBSearchType.swift */ = {isa = PBXFileReference; fileEncoding = 4; lastKnownFileType = sourcecode.swift; path = TMDBSearchType.swift; sourceTree = "<group>"; };
		C98AA9B4254A615A00A52C82 /* TMDBMovieService.swift */ = {isa = PBXFileReference; lastKnownFileType = sourcecode.swift; path = TMDBMovieService.swift; sourceTree = "<group>"; };
		C98AA9BA254A621500A52C82 /* TMDBService.swift */ = {isa = PBXFileReference; lastKnownFileType = sourcecode.swift; path = TMDBService.swift; sourceTree = "<group>"; };
		C98AA9C0254A628B00A52C82 /* TMDBResponse.swift */ = {isa = PBXFileReference; lastKnownFileType = sourcecode.swift; path = TMDBResponse.swift; sourceTree = "<group>"; };
		C98AA9C6254A62C600A52C82 /* TMDBError.swift */ = {isa = PBXFileReference; lastKnownFileType = sourcecode.swift; path = TMDBError.swift; sourceTree = "<group>"; };
		C98AAA06254AD74700A52C82 /* TMDBImage.swift */ = {isa = PBXFileReference; lastKnownFileType = sourcecode.swift; path = TMDBImage.swift; sourceTree = "<group>"; };
		C98AAA1B254ADC4000A52C82 /* MoviesTabBarController.swift */ = {isa = PBXFileReference; lastKnownFileType = sourcecode.swift; path = MoviesTabBarController.swift; sourceTree = "<group>"; };
		C98AAA22254ADCE900A52C82 /* Colors.swift */ = {isa = PBXFileReference; lastKnownFileType = sourcecode.swift; path = Colors.swift; sourceTree = "<group>"; };
		C98AAA29254ADDAD00A52C82 /* MoviesTabBarViewModelProtocol.swift */ = {isa = PBXFileReference; lastKnownFileType = sourcecode.swift; path = MoviesTabBarViewModelProtocol.swift; sourceTree = "<group>"; };
		C98AAA2F254ADEA400A52C82 /* MoviesTabBarViewModel.swift */ = {isa = PBXFileReference; lastKnownFileType = sourcecode.swift; path = MoviesTabBarViewModel.swift; sourceTree = "<group>"; };
		C98AAA3A254AE4A100A52C82 /* TMDBSearchType+BarItem.swift */ = {isa = PBXFileReference; lastKnownFileType = sourcecode.swift; path = "TMDBSearchType+BarItem.swift"; sourceTree = "<group>"; };
		C98AAA49254AE69000A52C82 /* MoviesViewModelProtocol.swift */ = {isa = PBXFileReference; lastKnownFileType = sourcecode.swift; path = MoviesViewModelProtocol.swift; sourceTree = "<group>"; };
		C98AAA4F254AE79900A52C82 /* MoviesViewModel.swift */ = {isa = PBXFileReference; lastKnownFileType = sourcecode.swift; path = MoviesViewModel.swift; sourceTree = "<group>"; };
		C98AAA56254AE8EF00A52C82 /* MoviesViewController.swift */ = {isa = PBXFileReference; lastKnownFileType = sourcecode.swift; path = MoviesViewController.swift; sourceTree = "<group>"; };
		C98AAA65254AED0000A52C82 /* LoadingView.swift */ = {isa = PBXFileReference; lastKnownFileType = sourcecode.swift; path = LoadingView.swift; sourceTree = "<group>"; };
		C98AAA7A254AF53D00A52C82 /* MoviesCollectionViewCell.swift */ = {isa = PBXFileReference; lastKnownFileType = sourcecode.swift; path = MoviesCollectionViewCell.swift; sourceTree = "<group>"; };
		C98AAA7B254AF53D00A52C82 /* MoviesCollectionViewCell.xib */ = {isa = PBXFileReference; lastKnownFileType = file.xib; path = MoviesCollectionViewCell.xib; sourceTree = "<group>"; };
		C98AAA92254B03C100A52C82 /* UIImageView+Nuke.swift */ = {isa = PBXFileReference; lastKnownFileType = sourcecode.swift; path = "UIImageView+Nuke.swift"; sourceTree = "<group>"; };
		C98AAA98254B10AB00A52C82 /* UIView+Helpers.swift */ = {isa = PBXFileReference; lastKnownFileType = sourcecode.swift; path = "UIView+Helpers.swift"; sourceTree = "<group>"; };
		C98AAA9E254B10E300A52C82 /* UICollectionView+Dequeue.swift */ = {isa = PBXFileReference; lastKnownFileType = sourcecode.swift; path = "UICollectionView+Dequeue.swift"; sourceTree = "<group>"; };
		C98AAAA4254B29C000A52C82 /* MoviesCollectionView.swift */ = {isa = PBXFileReference; lastKnownFileType = sourcecode.swift; path = MoviesCollectionView.swift; sourceTree = "<group>"; };
		F67F5D64C861A5A2275FE8CD /* Pods-TMDBKit.release.xcconfig */ = {isa = PBXFileReference; includeInIndex = 1; lastKnownFileType = text.xcconfig; name = "Pods-TMDBKit.release.xcconfig"; path = "Target Support Files/Pods-TMDBKit/Pods-TMDBKit.release.xcconfig"; sourceTree = "<group>"; };
/* End PBXFileReference section */

/* Begin PBXFrameworksBuildPhase section */
		C98AA887254A32FE00A52C82 /* Frameworks */ = {
			isa = PBXFrameworksBuildPhase;
			buildActionMask = 2147483647;
			files = (
				C98AA937254A42DA00A52C82 /* TMDBKit.framework in Frameworks */,
				141F9DA4B436700270630E59 /* Pods_MovieTestApp.framework in Frameworks */,
			);
			runOnlyForDeploymentPostprocessing = 0;
		};
		C98AA8A0254A330200A52C82 /* Frameworks */ = {
			isa = PBXFrameworksBuildPhase;
			buildActionMask = 2147483647;
			files = (
				F363E6F9D720D49767F7EF5F /* Pods_MovieTestAppTests.framework in Frameworks */,
			);
			runOnlyForDeploymentPostprocessing = 0;
		};
		C98AA8AB254A330300A52C82 /* Frameworks */ = {
			isa = PBXFrameworksBuildPhase;
			buildActionMask = 2147483647;
			files = (
				6015B21B91D525AC3A84417F /* Pods_MovieTestApp_MovieTestAppUITests.framework in Frameworks */,
			);
			runOnlyForDeploymentPostprocessing = 0;
		};
		C98AA91F254A42DA00A52C82 /* Frameworks */ = {
			isa = PBXFrameworksBuildPhase;
			buildActionMask = 2147483647;
			files = (
				DF7F2072A75B3ADAD7E71CE3 /* Pods_TMDBKit.framework in Frameworks */,
			);
			runOnlyForDeploymentPostprocessing = 0;
		};
		C98AA927254A42DA00A52C82 /* Frameworks */ = {
			isa = PBXFrameworksBuildPhase;
			buildActionMask = 2147483647;
			files = (
				C98AA92B254A42DA00A52C82 /* TMDBKit.framework in Frameworks */,
				06AAC2B958D311CB4B9A39A5 /* Pods_TMDBKit_TMDBKitTests.framework in Frameworks */,
			);
			runOnlyForDeploymentPostprocessing = 0;
		};
/* End PBXFrameworksBuildPhase section */

/* Begin PBXGroup section */
		3727DEB83EDBB9D74DB74E86 /* Frameworks */ = {
			isa = PBXGroup;
			children = (
				1EFED75F01F80F09B8E9659B /* Pods_MovieTestApp.framework */,
				2F9BED60F9025C9923AAC7B0 /* Pods_MovieTestApp_MovieTestAppUITests.framework */,
				8CEA69EE88FF19AA2C1243E3 /* Pods_MovieTestAppTests.framework */,
				A3D4626794CEAAB8B6F5962D /* Pods_TMDBKit.framework */,
				772CF746EAD042F18B473130 /* Pods_TMDBKit_TMDBKitTests.framework */,
			);
			name = Frameworks;
			sourceTree = "<group>";
		};
		A73C768A76A7EE07758018F8 /* Pods */ = {
			isa = PBXGroup;
			children = (
				AB55291D1DA299B49BD1FB3F /* Pods-MovieTestApp.debug.xcconfig */,
				55B6BFF8615358EF7F0CD0BA /* Pods-MovieTestApp.release.xcconfig */,
				2BF685720BBB6712DEEBD9A2 /* Pods-MovieTestApp-MovieTestAppUITests.debug.xcconfig */,
				A6DF23D1CDE4BA550CF99DA2 /* Pods-MovieTestApp-MovieTestAppUITests.release.xcconfig */,
				505BE5E2625C48F8B59AA2A8 /* Pods-MovieTestAppTests.debug.xcconfig */,
				0F10CC18762A7940CE50054B /* Pods-MovieTestAppTests.release.xcconfig */,
				5BC703A495481BDFC6F1CB41 /* Pods-TMDBKit.debug.xcconfig */,
				F67F5D64C861A5A2275FE8CD /* Pods-TMDBKit.release.xcconfig */,
				AFA8EB06F3BA8B6FAD04729C /* Pods-TMDBKit-TMDBKitTests.debug.xcconfig */,
				3956A86A66196421E681A192 /* Pods-TMDBKit-TMDBKitTests.release.xcconfig */,
			);
			path = Pods;
			sourceTree = "<group>";
		};
		C98AA881254A32FE00A52C82 = {
			isa = PBXGroup;
			children = (
				C98AA88C254A32FE00A52C82 /* MovieTestApp */,
				C98AA8A6254A330200A52C82 /* MovieTestAppTests */,
				C98AA8B1254A330300A52C82 /* MovieTestAppUITests */,
				C98AA923254A42DA00A52C82 /* TMDBKit */,
				C98AA930254A42DA00A52C82 /* TMDBKitTests */,
				C98AA88B254A32FE00A52C82 /* Products */,
				A73C768A76A7EE07758018F8 /* Pods */,
				3727DEB83EDBB9D74DB74E86 /* Frameworks */,
			);
			sourceTree = "<group>";
		};
		C98AA88B254A32FE00A52C82 /* Products */ = {
			isa = PBXGroup;
			children = (
				C98AA88A254A32FE00A52C82 /* MovieTestApp.app */,
				C98AA8A3254A330200A52C82 /* MovieTestAppTests.xctest */,
				C98AA8AE254A330300A52C82 /* MovieTestAppUITests.xctest */,
				C98AA922254A42DA00A52C82 /* TMDBKit.framework */,
				C98AA92A254A42DA00A52C82 /* TMDBKitTests.xctest */,
			);
			name = Products;
			sourceTree = "<group>";
		};
		C98AA88C254A32FE00A52C82 /* MovieTestApp */ = {
			isa = PBXGroup;
			children = (
				C98AAA64254AECE300A52C82 /* View */,
				C98AAA39254AE47900A52C82 /* Extensions */,
				C98AAA21254ADCDE00A52C82 /* Utils */,
				C98AAA17254ADBF000A52C82 /* Modules */,
				C98AA8D6254A416500A52C82 /* Helper */,
				C98AA8C3254A364900A52C82 /* Configuration */,
				C98AA88D254A32FE00A52C82 /* AppDelegate.swift */,
				C98AA88F254A32FE00A52C82 /* SceneDelegate.swift */,
				C98AA891254A32FE00A52C82 /* ViewController.swift */,
				C98AA899254A330200A52C82 /* Assets.xcassets */,
				C98AA89B254A330200A52C82 /* LaunchScreen.storyboard */,
				C98AA89E254A330200A52C82 /* Info.plist */,
				C98AA896254A32FE00A52C82 /* MovieTestApp.xcdatamodeld */,
			);
			path = MovieTestApp;
			sourceTree = "<group>";
		};
		C98AA8A6254A330200A52C82 /* MovieTestAppTests */ = {
			isa = PBXGroup;
			children = (
				C98AA8A7254A330300A52C82 /* MovieTestAppTests.swift */,
				C98AA8A9254A330300A52C82 /* Info.plist */,
			);
			path = MovieTestAppTests;
			sourceTree = "<group>";
		};
		C98AA8B1254A330300A52C82 /* MovieTestAppUITests */ = {
			isa = PBXGroup;
			children = (
				C98AA8B2254A330300A52C82 /* MovieTestAppUITests.swift */,
				C98AA8B4254A330300A52C82 /* Info.plist */,
			);
			path = MovieTestAppUITests;
			sourceTree = "<group>";
		};
		C98AA8C3254A364900A52C82 /* Configuration */ = {
			isa = PBXGroup;
			children = (
				C98AA8C4254A366100A52C82 /* Config.xcconfig */,
			);
			path = Configuration;
			sourceTree = "<group>";
		};
		C98AA8D6254A416500A52C82 /* Helper */ = {
			isa = PBXGroup;
			children = (
				C98AA8DA254A41A200A52C82 /* Configuration.swift */,
			);
			path = Helper;
			sourceTree = "<group>";
		};
		C98AA923254A42DA00A52C82 /* TMDBKit */ = {
			isa = PBXGroup;
			children = (
				C98AA995254A5FAF00A52C82 /* Model */,
				C98AA94A254A462900A52C82 /* Networking */,
				C98AA924254A42DA00A52C82 /* TMDBKit.h */,
				C98AA925254A42DA00A52C82 /* Info.plist */,
				C98AA944254A430800A52C82 /* TMDBConfiguration.swift */,
				C98AA9C6254A62C600A52C82 /* TMDBError.swift */,
				C98AAA06254AD74700A52C82 /* TMDBImage.swift */,
			);
			path = TMDBKit;
			sourceTree = "<group>";
		};
		C98AA930254A42DA00A52C82 /* TMDBKitTests */ = {
			isa = PBXGroup;
			children = (
				C98AA931254A42DA00A52C82 /* TMDBKitTests.swift */,
				C98AA933254A42DA00A52C82 /* Info.plist */,
			);
			path = TMDBKitTests;
			sourceTree = "<group>";
		};
		C98AA94A254A462900A52C82 /* Networking */ = {
			isa = PBXGroup;
			children = (
				C98AA98E254A5C9D00A52C82 /* Service */,
				C98AA965254A4A4A00A52C82 /* NetworkResponse */,
				C98AA967254A4A5C00A52C82 /* TMDBUrlEncoder.swift */,
				C98AA94B254A464200A52C82 /* TMDBRoute.swift */,
				C98AA988254A551E00A52C82 /* TMDBQueryParameter.swift */,
			);
			path = Networking;
			sourceTree = "<group>";
		};
		C98AA965254A4A4A00A52C82 /* NetworkResponse */ = {
			isa = PBXGroup;
			children = (
				C98AA976254A4A6F00A52C82 /* TMDBMoviesResponse.swift */,
				C98AA9C0254A628B00A52C82 /* TMDBResponse.swift */,
			);
			path = NetworkResponse;
			sourceTree = "<group>";
		};
		C98AA98E254A5C9D00A52C82 /* Service */ = {
			isa = PBXGroup;
			children = (
				C98AA98F254A5CC600A52C82 /* MovieServiceProtocol.swift */,
				C98AA9B4254A615A00A52C82 /* TMDBMovieService.swift */,
				C98AA9BA254A621500A52C82 /* TMDBService.swift */,
			);
			path = Service;
			sourceTree = "<group>";
		};
		C98AA995254A5FAF00A52C82 /* Model */ = {
			isa = PBXGroup;
			children = (
				C98AA996254A5FBF00A52C82 /* TMDBMovie.swift */,
				C98AA99D254A5FC000A52C82 /* TMDBSearchType.swift */,
			);
			path = Model;
			sourceTree = "<group>";
		};
		C98AAA17254ADBF000A52C82 /* Modules */ = {
			isa = PBXGroup;
			children = (
				C98AAA19254ADC1100A52C82 /* MoviesTabBarController */,
				C98AAA18254ADBF900A52C82 /* MoviesViewController */,
			);
			path = Modules;
			sourceTree = "<group>";
		};
		C98AAA18254ADBF900A52C82 /* MoviesViewController */ = {
			isa = PBXGroup;
			children = (
				C98AAA6F254AEFF600A52C82 /* View */,
				C98AAA48254AE67B00A52C82 /* ViewModel */,
				C98AAA55254AE8D900A52C82 /* Controller */,
			);
			path = MoviesViewController;
			sourceTree = "<group>";
		};
		C98AAA19254ADC1100A52C82 /* MoviesTabBarController */ = {
			isa = PBXGroup;
			children = (
				C98AAA28254ADD8700A52C82 /* ViewModel */,
				C98AAA1A254ADC2500A52C82 /* Controller */,
			);
			path = MoviesTabBarController;
			sourceTree = "<group>";
		};
		C98AAA1A254ADC2500A52C82 /* Controller */ = {
			isa = PBXGroup;
			children = (
				C98AAA1B254ADC4000A52C82 /* MoviesTabBarController.swift */,
			);
			path = Controller;
			sourceTree = "<group>";
		};
		C98AAA21254ADCDE00A52C82 /* Utils */ = {
			isa = PBXGroup;
			children = (
				C98AAA22254ADCE900A52C82 /* Colors.swift */,
			);
			path = Utils;
			sourceTree = "<group>";
		};
		C98AAA28254ADD8700A52C82 /* ViewModel */ = {
			isa = PBXGroup;
			children = (
				C98AAA29254ADDAD00A52C82 /* MoviesTabBarViewModelProtocol.swift */,
				C98AAA2F254ADEA400A52C82 /* MoviesTabBarViewModel.swift */,
			);
			path = ViewModel;
			sourceTree = "<group>";
		};
		C98AAA39254AE47900A52C82 /* Extensions */ = {
			isa = PBXGroup;
			children = (
				C98AAA3A254AE4A100A52C82 /* TMDBSearchType+BarItem.swift */,
				C98AAA92254B03C100A52C82 /* UIImageView+Nuke.swift */,
				C98AAA98254B10AB00A52C82 /* UIView+Helpers.swift */,
				C98AAA9E254B10E300A52C82 /* UICollectionView+Dequeue.swift */,
			);
			path = Extensions;
			sourceTree = "<group>";
		};
		C98AAA48254AE67B00A52C82 /* ViewModel */ = {
			isa = PBXGroup;
			children = (
				C98AAA49254AE69000A52C82 /* MoviesViewModelProtocol.swift */,
				C98AAA4F254AE79900A52C82 /* MoviesViewModel.swift */,
			);
			path = ViewModel;
			sourceTree = "<group>";
		};
		C98AAA55254AE8D900A52C82 /* Controller */ = {
			isa = PBXGroup;
			children = (
				C98AAA56254AE8EF00A52C82 /* MoviesViewController.swift */,
			);
			path = Controller;
			sourceTree = "<group>";
		};
		C98AAA64254AECE300A52C82 /* View */ = {
			isa = PBXGroup;
			children = (
				C98AAA65254AED0000A52C82 /* LoadingView.swift */,
			);
			path = View;
			sourceTree = "<group>";
		};
		C98AAA6F254AEFF600A52C82 /* View */ = {
			isa = PBXGroup;
			children = (
				C98AAA7A254AF53D00A52C82 /* MoviesCollectionViewCell.swift */,
				C98AAA7B254AF53D00A52C82 /* MoviesCollectionViewCell.xib */,
				C98AAAA4254B29C000A52C82 /* MoviesCollectionView.swift */,
			);
			path = View;
			sourceTree = "<group>";
		};
/* End PBXGroup section */

/* Begin PBXHeadersBuildPhase section */
		C98AA91D254A42DA00A52C82 /* Headers */ = {
			isa = PBXHeadersBuildPhase;
			buildActionMask = 2147483647;
			files = (
				C98AA934254A42DA00A52C82 /* TMDBKit.h in Headers */,
			);
			runOnlyForDeploymentPostprocessing = 0;
		};
/* End PBXHeadersBuildPhase section */

/* Begin PBXNativeTarget section */
		C98AA889254A32FE00A52C82 /* MovieTestApp */ = {
			isa = PBXNativeTarget;
			buildConfigurationList = C98AA8B7254A330300A52C82 /* Build configuration list for PBXNativeTarget "MovieTestApp" */;
			buildPhases = (
				15B626A1FF9E3FF23C249334 /* [CP] Check Pods Manifest.lock */,
				C98AA886254A32FE00A52C82 /* Sources */,
				C98AA887254A32FE00A52C82 /* Frameworks */,
				C98AA888254A32FE00A52C82 /* Resources */,
				C98AA939254A42DA00A52C82 /* Embed Frameworks */,
				499CCE9A42A7A402A2D13E8D /* [CP] Embed Pods Frameworks */,
			);
			buildRules = (
			);
			dependencies = (
				C98AA936254A42DA00A52C82 /* PBXTargetDependency */,
			);
			name = MovieTestApp;
			productName = MovieTestApp;
			productReference = C98AA88A254A32FE00A52C82 /* MovieTestApp.app */;
			productType = "com.apple.product-type.application";
		};
		C98AA8A2254A330200A52C82 /* MovieTestAppTests */ = {
			isa = PBXNativeTarget;
			buildConfigurationList = C98AA8BA254A330300A52C82 /* Build configuration list for PBXNativeTarget "MovieTestAppTests" */;
			buildPhases = (
				27B5E92C5414D5F85A22BEEA /* [CP] Check Pods Manifest.lock */,
				C98AA89F254A330200A52C82 /* Sources */,
				C98AA8A0254A330200A52C82 /* Frameworks */,
				C98AA8A1254A330200A52C82 /* Resources */,
			);
			buildRules = (
			);
			dependencies = (
				C98AA8A5254A330200A52C82 /* PBXTargetDependency */,
			);
			name = MovieTestAppTests;
			productName = MovieTestAppTests;
			productReference = C98AA8A3254A330200A52C82 /* MovieTestAppTests.xctest */;
			productType = "com.apple.product-type.bundle.unit-test";
		};
		C98AA8AD254A330300A52C82 /* MovieTestAppUITests */ = {
			isa = PBXNativeTarget;
			buildConfigurationList = C98AA8BD254A330300A52C82 /* Build configuration list for PBXNativeTarget "MovieTestAppUITests" */;
			buildPhases = (
				D213B7774C6785AF6292F1F4 /* [CP] Check Pods Manifest.lock */,
				C98AA8AA254A330300A52C82 /* Sources */,
				C98AA8AB254A330300A52C82 /* Frameworks */,
				C98AA8AC254A330300A52C82 /* Resources */,
				24E6644847279560A87174E4 /* [CP] Embed Pods Frameworks */,
			);
			buildRules = (
			);
			dependencies = (
				C98AA8B0254A330300A52C82 /* PBXTargetDependency */,
			);
			name = MovieTestAppUITests;
			productName = MovieTestAppUITests;
			productReference = C98AA8AE254A330300A52C82 /* MovieTestAppUITests.xctest */;
			productType = "com.apple.product-type.bundle.ui-testing";
		};
		C98AA921254A42DA00A52C82 /* TMDBKit */ = {
			isa = PBXNativeTarget;
			buildConfigurationList = C98AA93E254A42DA00A52C82 /* Build configuration list for PBXNativeTarget "TMDBKit" */;
			buildPhases = (
				35CF0B26D5EFEE91F68CF9AC /* [CP] Check Pods Manifest.lock */,
				C98AA91D254A42DA00A52C82 /* Headers */,
				C98AA91E254A42DA00A52C82 /* Sources */,
				C98AA91F254A42DA00A52C82 /* Frameworks */,
				C98AA920254A42DA00A52C82 /* Resources */,
			);
			buildRules = (
			);
			dependencies = (
			);
			name = TMDBKit;
			productName = TMDBKit;
			productReference = C98AA922254A42DA00A52C82 /* TMDBKit.framework */;
			productType = "com.apple.product-type.framework";
		};
		C98AA929254A42DA00A52C82 /* TMDBKitTests */ = {
			isa = PBXNativeTarget;
			buildConfigurationList = C98AA93F254A42DA00A52C82 /* Build configuration list for PBXNativeTarget "TMDBKitTests" */;
			buildPhases = (
				B261999742D73CF961CDEE2C /* [CP] Check Pods Manifest.lock */,
				C98AA926254A42DA00A52C82 /* Sources */,
				C98AA927254A42DA00A52C82 /* Frameworks */,
				C98AA928254A42DA00A52C82 /* Resources */,
			);
			buildRules = (
			);
			dependencies = (
				C98AA92D254A42DA00A52C82 /* PBXTargetDependency */,
				C98AA92F254A42DA00A52C82 /* PBXTargetDependency */,
			);
			name = TMDBKitTests;
			productName = TMDBKitTests;
			productReference = C98AA92A254A42DA00A52C82 /* TMDBKitTests.xctest */;
			productType = "com.apple.product-type.bundle.unit-test";
		};
/* End PBXNativeTarget section */

/* Begin PBXProject section */
		C98AA882254A32FE00A52C82 /* Project object */ = {
			isa = PBXProject;
			attributes = {
				LastSwiftUpdateCheck = 1210;
				LastUpgradeCheck = 1210;
				TargetAttributes = {
					C98AA889254A32FE00A52C82 = {
						CreatedOnToolsVersion = 12.1;
					};
					C98AA8A2254A330200A52C82 = {
						CreatedOnToolsVersion = 12.1;
						TestTargetID = C98AA889254A32FE00A52C82;
					};
					C98AA8AD254A330300A52C82 = {
						CreatedOnToolsVersion = 12.1;
						TestTargetID = C98AA889254A32FE00A52C82;
					};
					C98AA921254A42DA00A52C82 = {
						CreatedOnToolsVersion = 12.1;
						LastSwiftMigration = 1210;
					};
					C98AA929254A42DA00A52C82 = {
						CreatedOnToolsVersion = 12.1;
						TestTargetID = C98AA889254A32FE00A52C82;
					};
				};
			};
			buildConfigurationList = C98AA885254A32FE00A52C82 /* Build configuration list for PBXProject "MovieTestApp" */;
			compatibilityVersion = "Xcode 9.3";
			developmentRegion = en;
			hasScannedForEncodings = 0;
			knownRegions = (
				en,
				Base,
			);
			mainGroup = C98AA881254A32FE00A52C82;
			productRefGroup = C98AA88B254A32FE00A52C82 /* Products */;
			projectDirPath = "";
			projectRoot = "";
			targets = (
				C98AA889254A32FE00A52C82 /* MovieTestApp */,
				C98AA8A2254A330200A52C82 /* MovieTestAppTests */,
				C98AA8AD254A330300A52C82 /* MovieTestAppUITests */,
				C98AA921254A42DA00A52C82 /* TMDBKit */,
				C98AA929254A42DA00A52C82 /* TMDBKitTests */,
			);
		};
/* End PBXProject section */

/* Begin PBXResourcesBuildPhase section */
		C98AA888254A32FE00A52C82 /* Resources */ = {
			isa = PBXResourcesBuildPhase;
			buildActionMask = 2147483647;
			files = (
				C98AA89D254A330200A52C82 /* LaunchScreen.storyboard in Resources */,
				C98AA89A254A330200A52C82 /* Assets.xcassets in Resources */,
				C98AAA7D254AF53D00A52C82 /* MoviesCollectionViewCell.xib in Resources */,
			);
			runOnlyForDeploymentPostprocessing = 0;
		};
		C98AA8A1254A330200A52C82 /* Resources */ = {
			isa = PBXResourcesBuildPhase;
			buildActionMask = 2147483647;
			files = (
			);
			runOnlyForDeploymentPostprocessing = 0;
		};
		C98AA8AC254A330300A52C82 /* Resources */ = {
			isa = PBXResourcesBuildPhase;
			buildActionMask = 2147483647;
			files = (
			);
			runOnlyForDeploymentPostprocessing = 0;
		};
		C98AA920254A42DA00A52C82 /* Resources */ = {
			isa = PBXResourcesBuildPhase;
			buildActionMask = 2147483647;
			files = (
			);
			runOnlyForDeploymentPostprocessing = 0;
		};
		C98AA928254A42DA00A52C82 /* Resources */ = {
			isa = PBXResourcesBuildPhase;
			buildActionMask = 2147483647;
			files = (
			);
			runOnlyForDeploymentPostprocessing = 0;
		};
/* End PBXResourcesBuildPhase section */

/* Begin PBXShellScriptBuildPhase section */
		15B626A1FF9E3FF23C249334 /* [CP] Check Pods Manifest.lock */ = {
			isa = PBXShellScriptBuildPhase;
			buildActionMask = 2147483647;
			files = (
			);
			inputFileListPaths = (
			);
			inputPaths = (
				"${PODS_PODFILE_DIR_PATH}/Podfile.lock",
				"${PODS_ROOT}/Manifest.lock",
			);
			name = "[CP] Check Pods Manifest.lock";
			outputFileListPaths = (
			);
			outputPaths = (
				"$(DERIVED_FILE_DIR)/Pods-MovieTestApp-checkManifestLockResult.txt",
			);
			runOnlyForDeploymentPostprocessing = 0;
			shellPath = /bin/sh;
			shellScript = "diff \"${PODS_PODFILE_DIR_PATH}/Podfile.lock\" \"${PODS_ROOT}/Manifest.lock\" > /dev/null\nif [ $? != 0 ] ; then\n    # print error to STDERR\n    echo \"error: The sandbox is not in sync with the Podfile.lock. Run 'pod install' or update your CocoaPods installation.\" >&2\n    exit 1\nfi\n# This output is used by Xcode 'outputs' to avoid re-running this script phase.\necho \"SUCCESS\" > \"${SCRIPT_OUTPUT_FILE_0}\"\n";
			showEnvVarsInLog = 0;
		};
		24E6644847279560A87174E4 /* [CP] Embed Pods Frameworks */ = {
			isa = PBXShellScriptBuildPhase;
			buildActionMask = 2147483647;
			files = (
			);
			inputFileListPaths = (
				"${PODS_ROOT}/Target Support Files/Pods-MovieTestApp-MovieTestAppUITests/Pods-MovieTestApp-MovieTestAppUITests-frameworks-${CONFIGURATION}-input-files.xcfilelist",
			);
			name = "[CP] Embed Pods Frameworks";
			outputFileListPaths = (
				"${PODS_ROOT}/Target Support Files/Pods-MovieTestApp-MovieTestAppUITests/Pods-MovieTestApp-MovieTestAppUITests-frameworks-${CONFIGURATION}-output-files.xcfilelist",
			);
			runOnlyForDeploymentPostprocessing = 0;
			shellPath = /bin/sh;
			shellScript = "\"${PODS_ROOT}/Target Support Files/Pods-MovieTestApp-MovieTestAppUITests/Pods-MovieTestApp-MovieTestAppUITests-frameworks.sh\"\n";
			showEnvVarsInLog = 0;
		};
		27B5E92C5414D5F85A22BEEA /* [CP] Check Pods Manifest.lock */ = {
			isa = PBXShellScriptBuildPhase;
			buildActionMask = 2147483647;
			files = (
			);
			inputFileListPaths = (
			);
			inputPaths = (
				"${PODS_PODFILE_DIR_PATH}/Podfile.lock",
				"${PODS_ROOT}/Manifest.lock",
			);
			name = "[CP] Check Pods Manifest.lock";
			outputFileListPaths = (
			);
			outputPaths = (
				"$(DERIVED_FILE_DIR)/Pods-MovieTestAppTests-checkManifestLockResult.txt",
			);
			runOnlyForDeploymentPostprocessing = 0;
			shellPath = /bin/sh;
			shellScript = "diff \"${PODS_PODFILE_DIR_PATH}/Podfile.lock\" \"${PODS_ROOT}/Manifest.lock\" > /dev/null\nif [ $? != 0 ] ; then\n    # print error to STDERR\n    echo \"error: The sandbox is not in sync with the Podfile.lock. Run 'pod install' or update your CocoaPods installation.\" >&2\n    exit 1\nfi\n# This output is used by Xcode 'outputs' to avoid re-running this script phase.\necho \"SUCCESS\" > \"${SCRIPT_OUTPUT_FILE_0}\"\n";
			showEnvVarsInLog = 0;
		};
		35CF0B26D5EFEE91F68CF9AC /* [CP] Check Pods Manifest.lock */ = {
			isa = PBXShellScriptBuildPhase;
			buildActionMask = 2147483647;
			files = (
			);
			inputFileListPaths = (
			);
			inputPaths = (
				"${PODS_PODFILE_DIR_PATH}/Podfile.lock",
				"${PODS_ROOT}/Manifest.lock",
			);
			name = "[CP] Check Pods Manifest.lock";
			outputFileListPaths = (
			);
			outputPaths = (
				"$(DERIVED_FILE_DIR)/Pods-TMDBKit-checkManifestLockResult.txt",
			);
			runOnlyForDeploymentPostprocessing = 0;
			shellPath = /bin/sh;
			shellScript = "diff \"${PODS_PODFILE_DIR_PATH}/Podfile.lock\" \"${PODS_ROOT}/Manifest.lock\" > /dev/null\nif [ $? != 0 ] ; then\n    # print error to STDERR\n    echo \"error: The sandbox is not in sync with the Podfile.lock. Run 'pod install' or update your CocoaPods installation.\" >&2\n    exit 1\nfi\n# This output is used by Xcode 'outputs' to avoid re-running this script phase.\necho \"SUCCESS\" > \"${SCRIPT_OUTPUT_FILE_0}\"\n";
			showEnvVarsInLog = 0;
		};
		499CCE9A42A7A402A2D13E8D /* [CP] Embed Pods Frameworks */ = {
			isa = PBXShellScriptBuildPhase;
			buildActionMask = 2147483647;
			files = (
			);
			inputFileListPaths = (
				"${PODS_ROOT}/Target Support Files/Pods-MovieTestApp/Pods-MovieTestApp-frameworks-${CONFIGURATION}-input-files.xcfilelist",
			);
			name = "[CP] Embed Pods Frameworks";
			outputFileListPaths = (
				"${PODS_ROOT}/Target Support Files/Pods-MovieTestApp/Pods-MovieTestApp-frameworks-${CONFIGURATION}-output-files.xcfilelist",
			);
			runOnlyForDeploymentPostprocessing = 0;
			shellPath = /bin/sh;
			shellScript = "\"${PODS_ROOT}/Target Support Files/Pods-MovieTestApp/Pods-MovieTestApp-frameworks.sh\"\n";
			showEnvVarsInLog = 0;
		};
		B261999742D73CF961CDEE2C /* [CP] Check Pods Manifest.lock */ = {
			isa = PBXShellScriptBuildPhase;
			buildActionMask = 2147483647;
			files = (
			);
			inputFileListPaths = (
			);
			inputPaths = (
				"${PODS_PODFILE_DIR_PATH}/Podfile.lock",
				"${PODS_ROOT}/Manifest.lock",
			);
			name = "[CP] Check Pods Manifest.lock";
			outputFileListPaths = (
			);
			outputPaths = (
				"$(DERIVED_FILE_DIR)/Pods-TMDBKit-TMDBKitTests-checkManifestLockResult.txt",
			);
			runOnlyForDeploymentPostprocessing = 0;
			shellPath = /bin/sh;
			shellScript = "diff \"${PODS_PODFILE_DIR_PATH}/Podfile.lock\" \"${PODS_ROOT}/Manifest.lock\" > /dev/null\nif [ $? != 0 ] ; then\n    # print error to STDERR\n    echo \"error: The sandbox is not in sync with the Podfile.lock. Run 'pod install' or update your CocoaPods installation.\" >&2\n    exit 1\nfi\n# This output is used by Xcode 'outputs' to avoid re-running this script phase.\necho \"SUCCESS\" > \"${SCRIPT_OUTPUT_FILE_0}\"\n";
			showEnvVarsInLog = 0;
		};
		D213B7774C6785AF6292F1F4 /* [CP] Check Pods Manifest.lock */ = {
			isa = PBXShellScriptBuildPhase;
			buildActionMask = 2147483647;
			files = (
			);
			inputFileListPaths = (
			);
			inputPaths = (
				"${PODS_PODFILE_DIR_PATH}/Podfile.lock",
				"${PODS_ROOT}/Manifest.lock",
			);
			name = "[CP] Check Pods Manifest.lock";
			outputFileListPaths = (
			);
			outputPaths = (
				"$(DERIVED_FILE_DIR)/Pods-MovieTestApp-MovieTestAppUITests-checkManifestLockResult.txt",
			);
			runOnlyForDeploymentPostprocessing = 0;
			shellPath = /bin/sh;
			shellScript = "diff \"${PODS_PODFILE_DIR_PATH}/Podfile.lock\" \"${PODS_ROOT}/Manifest.lock\" > /dev/null\nif [ $? != 0 ] ; then\n    # print error to STDERR\n    echo \"error: The sandbox is not in sync with the Podfile.lock. Run 'pod install' or update your CocoaPods installation.\" >&2\n    exit 1\nfi\n# This output is used by Xcode 'outputs' to avoid re-running this script phase.\necho \"SUCCESS\" > \"${SCRIPT_OUTPUT_FILE_0}\"\n";
			showEnvVarsInLog = 0;
		};
/* End PBXShellScriptBuildPhase section */

/* Begin PBXSourcesBuildPhase section */
		C98AA886254A32FE00A52C82 /* Sources */ = {
			isa = PBXSourcesBuildPhase;
			buildActionMask = 2147483647;
			files = (
				C98AAA1C254ADC4000A52C82 /* MoviesTabBarController.swift in Sources */,
				C98AAA3B254AE4A100A52C82 /* TMDBSearchType+BarItem.swift in Sources */,
				C98AA892254A32FE00A52C82 /* ViewController.swift in Sources */,
				C98AAA30254ADEA400A52C82 /* MoviesTabBarViewModel.swift in Sources */,
				C98AA8DB254A41A200A52C82 /* Configuration.swift in Sources */,
				C98AAAA5254B29C000A52C82 /* MoviesCollectionView.swift in Sources */,
				C98AAA66254AED0000A52C82 /* LoadingView.swift in Sources */,
				C98AAA2A254ADDAD00A52C82 /* MoviesTabBarViewModelProtocol.swift in Sources */,
				C98AAA23254ADCE900A52C82 /* Colors.swift in Sources */,
				C98AAA50254AE79900A52C82 /* MoviesViewModel.swift in Sources */,
				C98AAA99254B10AB00A52C82 /* UIView+Helpers.swift in Sources */,
				C98AAA7C254AF53D00A52C82 /* MoviesCollectionViewCell.swift in Sources */,
				C98AAA57254AE8EF00A52C82 /* MoviesViewController.swift in Sources */,
				C98AAA93254B03C100A52C82 /* UIImageView+Nuke.swift in Sources */,
				C98AA88E254A32FE00A52C82 /* AppDelegate.swift in Sources */,
				C98AA898254A32FE00A52C82 /* MovieTestApp.xcdatamodeld in Sources */,
				C98AAA9F254B10E300A52C82 /* UICollectionView+Dequeue.swift in Sources */,
				C98AAA4A254AE69000A52C82 /* MoviesViewModelProtocol.swift in Sources */,
				C98AA890254A32FE00A52C82 /* SceneDelegate.swift in Sources */,
			);
			runOnlyForDeploymentPostprocessing = 0;
		};
		C98AA89F254A330200A52C82 /* Sources */ = {
			isa = PBXSourcesBuildPhase;
			buildActionMask = 2147483647;
			files = (
				C98AA8A8254A330300A52C82 /* MovieTestAppTests.swift in Sources */,
			);
			runOnlyForDeploymentPostprocessing = 0;
		};
		C98AA8AA254A330300A52C82 /* Sources */ = {
			isa = PBXSourcesBuildPhase;
			buildActionMask = 2147483647;
			files = (
				C98AA8B3254A330300A52C82 /* MovieTestAppUITests.swift in Sources */,
			);
			runOnlyForDeploymentPostprocessing = 0;
		};
		C98AA91E254A42DA00A52C82 /* Sources */ = {
			isa = PBXSourcesBuildPhase;
			buildActionMask = 2147483647;
			files = (
				C98AA990254A5CC600A52C82 /* MovieServiceProtocol.swift in Sources */,
				C98AA9C1254A628B00A52C82 /* TMDBResponse.swift in Sources */,
				C98AA99F254A5FC000A52C82 /* TMDBMovie.swift in Sources */,
				C98AA94C254A464200A52C82 /* TMDBRoute.swift in Sources */,
				C98AA9C7254A62C600A52C82 /* TMDBError.swift in Sources */,
				C98AA9A6254A5FC000A52C82 /* TMDBSearchType.swift in Sources */,
				C98AA9BB254A621500A52C82 /* TMDBService.swift in Sources */,
				C98AA9B5254A615A00A52C82 /* TMDBMovieService.swift in Sources */,
				C98AA96B254A4A5C00A52C82 /* TMDBUrlEncoder.swift in Sources */,
				C98AAA07254AD74700A52C82 /* TMDBImage.swift in Sources */,
				C98AA978254A4A7000A52C82 /* TMDBMoviesResponse.swift in Sources */,
				C98AA945254A430800A52C82 /* TMDBConfiguration.swift in Sources */,
				C98AA989254A551E00A52C82 /* TMDBQueryParameter.swift in Sources */,
			);
			runOnlyForDeploymentPostprocessing = 0;
		};
		C98AA926254A42DA00A52C82 /* Sources */ = {
			isa = PBXSourcesBuildPhase;
			buildActionMask = 2147483647;
			files = (
				C98AA932254A42DA00A52C82 /* TMDBKitTests.swift in Sources */,
			);
			runOnlyForDeploymentPostprocessing = 0;
		};
/* End PBXSourcesBuildPhase section */

/* Begin PBXTargetDependency section */
		C98AA8A5254A330200A52C82 /* PBXTargetDependency */ = {
			isa = PBXTargetDependency;
			target = C98AA889254A32FE00A52C82 /* MovieTestApp */;
			targetProxy = C98AA8A4254A330200A52C82 /* PBXContainerItemProxy */;
		};
		C98AA8B0254A330300A52C82 /* PBXTargetDependency */ = {
			isa = PBXTargetDependency;
			target = C98AA889254A32FE00A52C82 /* MovieTestApp */;
			targetProxy = C98AA8AF254A330300A52C82 /* PBXContainerItemProxy */;
		};
		C98AA92D254A42DA00A52C82 /* PBXTargetDependency */ = {
			isa = PBXTargetDependency;
			target = C98AA921254A42DA00A52C82 /* TMDBKit */;
			targetProxy = C98AA92C254A42DA00A52C82 /* PBXContainerItemProxy */;
		};
		C98AA92F254A42DA00A52C82 /* PBXTargetDependency */ = {
			isa = PBXTargetDependency;
			target = C98AA889254A32FE00A52C82 /* MovieTestApp */;
			targetProxy = C98AA92E254A42DA00A52C82 /* PBXContainerItemProxy */;
		};
		C98AA936254A42DA00A52C82 /* PBXTargetDependency */ = {
			isa = PBXTargetDependency;
			target = C98AA921254A42DA00A52C82 /* TMDBKit */;
			targetProxy = C98AA935254A42DA00A52C82 /* PBXContainerItemProxy */;
		};
/* End PBXTargetDependency section */

/* Begin PBXVariantGroup section */
		C98AA89B254A330200A52C82 /* LaunchScreen.storyboard */ = {
			isa = PBXVariantGroup;
			children = (
				C98AA89C254A330200A52C82 /* Base */,
			);
			name = LaunchScreen.storyboard;
			sourceTree = "<group>";
		};
/* End PBXVariantGroup section */

/* Begin XCBuildConfiguration section */
		C98AA8B5254A330300A52C82 /* Debug */ = {
			isa = XCBuildConfiguration;
			baseConfigurationReference = C98AA8C4254A366100A52C82 /* Config.xcconfig */;
			buildSettings = {
				ALWAYS_SEARCH_USER_PATHS = NO;
				CLANG_ANALYZER_NONNULL = YES;
				CLANG_ANALYZER_NUMBER_OBJECT_CONVERSION = YES_AGGRESSIVE;
				CLANG_CXX_LANGUAGE_STANDARD = "gnu++14";
				CLANG_CXX_LIBRARY = "libc++";
				CLANG_ENABLE_MODULES = YES;
				CLANG_ENABLE_OBJC_ARC = YES;
				CLANG_ENABLE_OBJC_WEAK = YES;
				CLANG_WARN_BLOCK_CAPTURE_AUTORELEASING = YES;
				CLANG_WARN_BOOL_CONVERSION = YES;
				CLANG_WARN_COMMA = YES;
				CLANG_WARN_CONSTANT_CONVERSION = YES;
				CLANG_WARN_DEPRECATED_OBJC_IMPLEMENTATIONS = YES;
				CLANG_WARN_DIRECT_OBJC_ISA_USAGE = YES_ERROR;
				CLANG_WARN_DOCUMENTATION_COMMENTS = YES;
				CLANG_WARN_EMPTY_BODY = YES;
				CLANG_WARN_ENUM_CONVERSION = YES;
				CLANG_WARN_INFINITE_RECURSION = YES;
				CLANG_WARN_INT_CONVERSION = YES;
				CLANG_WARN_NON_LITERAL_NULL_CONVERSION = YES;
				CLANG_WARN_OBJC_IMPLICIT_RETAIN_SELF = YES;
				CLANG_WARN_OBJC_LITERAL_CONVERSION = YES;
				CLANG_WARN_OBJC_ROOT_CLASS = YES_ERROR;
				CLANG_WARN_QUOTED_INCLUDE_IN_FRAMEWORK_HEADER = YES;
				CLANG_WARN_RANGE_LOOP_ANALYSIS = YES;
				CLANG_WARN_STRICT_PROTOTYPES = YES;
				CLANG_WARN_SUSPICIOUS_MOVE = YES;
				CLANG_WARN_UNGUARDED_AVAILABILITY = YES_AGGRESSIVE;
				CLANG_WARN_UNREACHABLE_CODE = YES;
				CLANG_WARN__DUPLICATE_METHOD_MATCH = YES;
				COPY_PHASE_STRIP = NO;
				DEBUG_INFORMATION_FORMAT = dwarf;
				ENABLE_STRICT_OBJC_MSGSEND = YES;
				ENABLE_TESTABILITY = YES;
				GCC_C_LANGUAGE_STANDARD = gnu11;
				GCC_DYNAMIC_NO_PIC = NO;
				GCC_NO_COMMON_BLOCKS = YES;
				GCC_OPTIMIZATION_LEVEL = 0;
				GCC_PREPROCESSOR_DEFINITIONS = (
					"DEBUG=1",
					"$(inherited)",
				);
				GCC_WARN_64_TO_32_BIT_CONVERSION = YES;
				GCC_WARN_ABOUT_RETURN_TYPE = YES_ERROR;
				GCC_WARN_UNDECLARED_SELECTOR = YES;
				GCC_WARN_UNINITIALIZED_AUTOS = YES_AGGRESSIVE;
				GCC_WARN_UNUSED_FUNCTION = YES;
				GCC_WARN_UNUSED_VARIABLE = YES;
				IPHONEOS_DEPLOYMENT_TARGET = 14.1;
				MTL_ENABLE_DEBUG_INFO = INCLUDE_SOURCE;
				MTL_FAST_MATH = YES;
				ONLY_ACTIVE_ARCH = YES;
				SDKROOT = iphoneos;
				SWIFT_ACTIVE_COMPILATION_CONDITIONS = DEBUG;
				SWIFT_OPTIMIZATION_LEVEL = "-Onone";
			};
			name = Debug;
		};
		C98AA8B6254A330300A52C82 /* Release */ = {
			isa = XCBuildConfiguration;
			baseConfigurationReference = C98AA8C4254A366100A52C82 /* Config.xcconfig */;
			buildSettings = {
				ALWAYS_SEARCH_USER_PATHS = NO;
				CLANG_ANALYZER_NONNULL = YES;
				CLANG_ANALYZER_NUMBER_OBJECT_CONVERSION = YES_AGGRESSIVE;
				CLANG_CXX_LANGUAGE_STANDARD = "gnu++14";
				CLANG_CXX_LIBRARY = "libc++";
				CLANG_ENABLE_MODULES = YES;
				CLANG_ENABLE_OBJC_ARC = YES;
				CLANG_ENABLE_OBJC_WEAK = YES;
				CLANG_WARN_BLOCK_CAPTURE_AUTORELEASING = YES;
				CLANG_WARN_BOOL_CONVERSION = YES;
				CLANG_WARN_COMMA = YES;
				CLANG_WARN_CONSTANT_CONVERSION = YES;
				CLANG_WARN_DEPRECATED_OBJC_IMPLEMENTATIONS = YES;
				CLANG_WARN_DIRECT_OBJC_ISA_USAGE = YES_ERROR;
				CLANG_WARN_DOCUMENTATION_COMMENTS = YES;
				CLANG_WARN_EMPTY_BODY = YES;
				CLANG_WARN_ENUM_CONVERSION = YES;
				CLANG_WARN_INFINITE_RECURSION = YES;
				CLANG_WARN_INT_CONVERSION = YES;
				CLANG_WARN_NON_LITERAL_NULL_CONVERSION = YES;
				CLANG_WARN_OBJC_IMPLICIT_RETAIN_SELF = YES;
				CLANG_WARN_OBJC_LITERAL_CONVERSION = YES;
				CLANG_WARN_OBJC_ROOT_CLASS = YES_ERROR;
				CLANG_WARN_QUOTED_INCLUDE_IN_FRAMEWORK_HEADER = YES;
				CLANG_WARN_RANGE_LOOP_ANALYSIS = YES;
				CLANG_WARN_STRICT_PROTOTYPES = YES;
				CLANG_WARN_SUSPICIOUS_MOVE = YES;
				CLANG_WARN_UNGUARDED_AVAILABILITY = YES_AGGRESSIVE;
				CLANG_WARN_UNREACHABLE_CODE = YES;
				CLANG_WARN__DUPLICATE_METHOD_MATCH = YES;
				COPY_PHASE_STRIP = NO;
				DEBUG_INFORMATION_FORMAT = "dwarf-with-dsym";
				ENABLE_NS_ASSERTIONS = NO;
				ENABLE_STRICT_OBJC_MSGSEND = YES;
				GCC_C_LANGUAGE_STANDARD = gnu11;
				GCC_NO_COMMON_BLOCKS = YES;
				GCC_WARN_64_TO_32_BIT_CONVERSION = YES;
				GCC_WARN_ABOUT_RETURN_TYPE = YES_ERROR;
				GCC_WARN_UNDECLARED_SELECTOR = YES;
				GCC_WARN_UNINITIALIZED_AUTOS = YES_AGGRESSIVE;
				GCC_WARN_UNUSED_FUNCTION = YES;
				GCC_WARN_UNUSED_VARIABLE = YES;
				IPHONEOS_DEPLOYMENT_TARGET = 14.1;
				MTL_ENABLE_DEBUG_INFO = NO;
				MTL_FAST_MATH = YES;
				SDKROOT = iphoneos;
				SWIFT_COMPILATION_MODE = wholemodule;
				SWIFT_OPTIMIZATION_LEVEL = "-O";
				VALIDATE_PRODUCT = YES;
			};
			name = Release;
		};
		C98AA8B8254A330300A52C82 /* Debug */ = {
			isa = XCBuildConfiguration;
			baseConfigurationReference = AB55291D1DA299B49BD1FB3F /* Pods-MovieTestApp.debug.xcconfig */;
			buildSettings = {
				ALWAYS_EMBED_SWIFT_STANDARD_LIBRARIES = YES;
				ASSETCATALOG_COMPILER_APPICON_NAME = AppIcon;
				ASSETCATALOG_COMPILER_GLOBAL_ACCENT_COLOR_NAME = AccentColor;
				CODE_SIGN_STYLE = Automatic;
				DEVELOPMENT_TEAM = 83XT2J75S2;
				INFOPLIST_FILE = MovieTestApp/Info.plist;
				LD_RUNPATH_SEARCH_PATHS = (
					"$(inherited)",
					"@executable_path/Frameworks",
				);
				PRODUCT_BUNDLE_IDENTIFIER = com.davi.MovieTestApp;
				PRODUCT_NAME = "$(TARGET_NAME)";
				SWIFT_VERSION = 5.0;
				TARGETED_DEVICE_FAMILY = "1,2";
			};
			name = Debug;
		};
		C98AA8B9254A330300A52C82 /* Release */ = {
			isa = XCBuildConfiguration;
			baseConfigurationReference = 55B6BFF8615358EF7F0CD0BA /* Pods-MovieTestApp.release.xcconfig */;
			buildSettings = {
				ALWAYS_EMBED_SWIFT_STANDARD_LIBRARIES = YES;
				ASSETCATALOG_COMPILER_APPICON_NAME = AppIcon;
				ASSETCATALOG_COMPILER_GLOBAL_ACCENT_COLOR_NAME = AccentColor;
				CODE_SIGN_STYLE = Automatic;
				DEVELOPMENT_TEAM = 83XT2J75S2;
				INFOPLIST_FILE = MovieTestApp/Info.plist;
				LD_RUNPATH_SEARCH_PATHS = (
					"$(inherited)",
					"@executable_path/Frameworks",
				);
				PRODUCT_BUNDLE_IDENTIFIER = com.davi.MovieTestApp;
				PRODUCT_NAME = "$(TARGET_NAME)";
				SWIFT_VERSION = 5.0;
				TARGETED_DEVICE_FAMILY = "1,2";
			};
			name = Release;
		};
		C98AA8BB254A330300A52C82 /* Debug */ = {
			isa = XCBuildConfiguration;
			baseConfigurationReference = 505BE5E2625C48F8B59AA2A8 /* Pods-MovieTestAppTests.debug.xcconfig */;
			buildSettings = {
				ALWAYS_EMBED_SWIFT_STANDARD_LIBRARIES = YES;
				BUNDLE_LOADER = "$(TEST_HOST)";
				CODE_SIGN_STYLE = Automatic;
				DEVELOPMENT_TEAM = 83XT2J75S2;
				INFOPLIST_FILE = MovieTestAppTests/Info.plist;
				IPHONEOS_DEPLOYMENT_TARGET = 14.1;
				LD_RUNPATH_SEARCH_PATHS = (
					"$(inherited)",
					"@executable_path/Frameworks",
					"@loader_path/Frameworks",
				);
				PRODUCT_BUNDLE_IDENTIFIER = com.davi.MovieTestAppTests;
				PRODUCT_NAME = "$(TARGET_NAME)";
				SWIFT_VERSION = 5.0;
				TARGETED_DEVICE_FAMILY = "1,2";
				TEST_HOST = "$(BUILT_PRODUCTS_DIR)/MovieTestApp.app/MovieTestApp";
			};
			name = Debug;
		};
		C98AA8BC254A330300A52C82 /* Release */ = {
			isa = XCBuildConfiguration;
			baseConfigurationReference = 0F10CC18762A7940CE50054B /* Pods-MovieTestAppTests.release.xcconfig */;
			buildSettings = {
				ALWAYS_EMBED_SWIFT_STANDARD_LIBRARIES = YES;
				BUNDLE_LOADER = "$(TEST_HOST)";
				CODE_SIGN_STYLE = Automatic;
				DEVELOPMENT_TEAM = 83XT2J75S2;
				INFOPLIST_FILE = MovieTestAppTests/Info.plist;
				IPHONEOS_DEPLOYMENT_TARGET = 14.1;
				LD_RUNPATH_SEARCH_PATHS = (
					"$(inherited)",
					"@executable_path/Frameworks",
					"@loader_path/Frameworks",
				);
				PRODUCT_BUNDLE_IDENTIFIER = com.davi.MovieTestAppTests;
				PRODUCT_NAME = "$(TARGET_NAME)";
				SWIFT_VERSION = 5.0;
				TARGETED_DEVICE_FAMILY = "1,2";
				TEST_HOST = "$(BUILT_PRODUCTS_DIR)/MovieTestApp.app/MovieTestApp";
			};
			name = Release;
		};
		C98AA8BE254A330300A52C82 /* Debug */ = {
			isa = XCBuildConfiguration;
			baseConfigurationReference = 2BF685720BBB6712DEEBD9A2 /* Pods-MovieTestApp-MovieTestAppUITests.debug.xcconfig */;
			buildSettings = {
				ALWAYS_EMBED_SWIFT_STANDARD_LIBRARIES = YES;
				CODE_SIGN_STYLE = Automatic;
				DEVELOPMENT_TEAM = 83XT2J75S2;
				INFOPLIST_FILE = MovieTestAppUITests/Info.plist;
				LD_RUNPATH_SEARCH_PATHS = (
					"$(inherited)",
					"@executable_path/Frameworks",
					"@loader_path/Frameworks",
				);
				PRODUCT_BUNDLE_IDENTIFIER = com.davi.MovieTestAppUITests;
				PRODUCT_NAME = "$(TARGET_NAME)";
				SWIFT_VERSION = 5.0;
				TARGETED_DEVICE_FAMILY = "1,2";
				TEST_TARGET_NAME = MovieTestApp;
			};
			name = Debug;
		};
		C98AA8BF254A330300A52C82 /* Release */ = {
			isa = XCBuildConfiguration;
			baseConfigurationReference = A6DF23D1CDE4BA550CF99DA2 /* Pods-MovieTestApp-MovieTestAppUITests.release.xcconfig */;
			buildSettings = {
				ALWAYS_EMBED_SWIFT_STANDARD_LIBRARIES = YES;
				CODE_SIGN_STYLE = Automatic;
				DEVELOPMENT_TEAM = 83XT2J75S2;
				INFOPLIST_FILE = MovieTestAppUITests/Info.plist;
				LD_RUNPATH_SEARCH_PATHS = (
					"$(inherited)",
					"@executable_path/Frameworks",
					"@loader_path/Frameworks",
				);
				PRODUCT_BUNDLE_IDENTIFIER = com.davi.MovieTestAppUITests;
				PRODUCT_NAME = "$(TARGET_NAME)";
				SWIFT_VERSION = 5.0;
				TARGETED_DEVICE_FAMILY = "1,2";
				TEST_TARGET_NAME = MovieTestApp;
			};
			name = Release;
		};
		C98AA93A254A42DA00A52C82 /* Debug */ = {
			isa = XCBuildConfiguration;
			baseConfigurationReference = 5BC703A495481BDFC6F1CB41 /* Pods-TMDBKit.debug.xcconfig */;
			buildSettings = {
				CLANG_ENABLE_MODULES = YES;
				CODE_SIGN_STYLE = Automatic;
				CURRENT_PROJECT_VERSION = 1;
				DEFINES_MODULE = YES;
				DEVELOPMENT_TEAM = 83XT2J75S2;
				DYLIB_COMPATIBILITY_VERSION = 1;
				DYLIB_CURRENT_VERSION = 1;
				DYLIB_INSTALL_NAME_BASE = "@rpath";
				INFOPLIST_FILE = TMDBKit/Info.plist;
				INSTALL_PATH = "$(LOCAL_LIBRARY_DIR)/Frameworks";
				LD_RUNPATH_SEARCH_PATHS = (
					"$(inherited)",
					"@executable_path/Frameworks",
					"@loader_path/Frameworks",
				);
				PRODUCT_BUNDLE_IDENTIFIER = com.davi.TMDBKit;
				PRODUCT_NAME = "$(TARGET_NAME:c99extidentifier)";
				SKIP_INSTALL = YES;
				SWIFT_OPTIMIZATION_LEVEL = "-Onone";
				SWIFT_VERSION = 5.0;
				TARGETED_DEVICE_FAMILY = "1,2";
				VERSIONING_SYSTEM = "apple-generic";
				VERSION_INFO_PREFIX = "";
			};
			name = Debug;
		};
		C98AA93B254A42DA00A52C82 /* Release */ = {
			isa = XCBuildConfiguration;
			baseConfigurationReference = F67F5D64C861A5A2275FE8CD /* Pods-TMDBKit.release.xcconfig */;
			buildSettings = {
				CLANG_ENABLE_MODULES = YES;
				CODE_SIGN_STYLE = Automatic;
				CURRENT_PROJECT_VERSION = 1;
				DEFINES_MODULE = YES;
				DEVELOPMENT_TEAM = 83XT2J75S2;
				DYLIB_COMPATIBILITY_VERSION = 1;
				DYLIB_CURRENT_VERSION = 1;
				DYLIB_INSTALL_NAME_BASE = "@rpath";
				INFOPLIST_FILE = TMDBKit/Info.plist;
				INSTALL_PATH = "$(LOCAL_LIBRARY_DIR)/Frameworks";
				LD_RUNPATH_SEARCH_PATHS = (
					"$(inherited)",
					"@executable_path/Frameworks",
					"@loader_path/Frameworks",
				);
				PRODUCT_BUNDLE_IDENTIFIER = com.davi.TMDBKit;
				PRODUCT_NAME = "$(TARGET_NAME:c99extidentifier)";
				SKIP_INSTALL = YES;
				SWIFT_VERSION = 5.0;
				TARGETED_DEVICE_FAMILY = "1,2";
				VERSIONING_SYSTEM = "apple-generic";
				VERSION_INFO_PREFIX = "";
			};
			name = Release;
		};
		C98AA93C254A42DA00A52C82 /* Debug */ = {
			isa = XCBuildConfiguration;
			baseConfigurationReference = AFA8EB06F3BA8B6FAD04729C /* Pods-TMDBKit-TMDBKitTests.debug.xcconfig */;
			buildSettings = {
				ALWAYS_EMBED_SWIFT_STANDARD_LIBRARIES = YES;
				CODE_SIGN_STYLE = Automatic;
				DEVELOPMENT_TEAM = 83XT2J75S2;
				INFOPLIST_FILE = TMDBKitTests/Info.plist;
				LD_RUNPATH_SEARCH_PATHS = (
					"$(inherited)",
					"@executable_path/Frameworks",
					"@loader_path/Frameworks",
				);
				PRODUCT_BUNDLE_IDENTIFIER = com.davi.TMDBKitTests;
				PRODUCT_NAME = "$(TARGET_NAME)";
				SWIFT_VERSION = 5.0;
				TARGETED_DEVICE_FAMILY = "1,2";
				TEST_HOST = "$(BUILT_PRODUCTS_DIR)/MovieTestApp.app/MovieTestApp";
			};
			name = Debug;
		};
		C98AA93D254A42DA00A52C82 /* Release */ = {
			isa = XCBuildConfiguration;
			baseConfigurationReference = 3956A86A66196421E681A192 /* Pods-TMDBKit-TMDBKitTests.release.xcconfig */;
			buildSettings = {
				ALWAYS_EMBED_SWIFT_STANDARD_LIBRARIES = YES;
				CODE_SIGN_STYLE = Automatic;
				DEVELOPMENT_TEAM = 83XT2J75S2;
				INFOPLIST_FILE = TMDBKitTests/Info.plist;
				LD_RUNPATH_SEARCH_PATHS = (
					"$(inherited)",
					"@executable_path/Frameworks",
					"@loader_path/Frameworks",
				);
				PRODUCT_BUNDLE_IDENTIFIER = com.davi.TMDBKitTests;
				PRODUCT_NAME = "$(TARGET_NAME)";
				SWIFT_VERSION = 5.0;
				TARGETED_DEVICE_FAMILY = "1,2";
				TEST_HOST = "$(BUILT_PRODUCTS_DIR)/MovieTestApp.app/MovieTestApp";
			};
			name = Release;
		};
/* End XCBuildConfiguration section */

/* Begin XCConfigurationList section */
		C98AA885254A32FE00A52C82 /* Build configuration list for PBXProject "MovieTestApp" */ = {
			isa = XCConfigurationList;
			buildConfigurations = (
				C98AA8B5254A330300A52C82 /* Debug */,
				C98AA8B6254A330300A52C82 /* Release */,
			);
			defaultConfigurationIsVisible = 0;
			defaultConfigurationName = Release;
		};
		C98AA8B7254A330300A52C82 /* Build configuration list for PBXNativeTarget "MovieTestApp" */ = {
			isa = XCConfigurationList;
			buildConfigurations = (
				C98AA8B8254A330300A52C82 /* Debug */,
				C98AA8B9254A330300A52C82 /* Release */,
			);
			defaultConfigurationIsVisible = 0;
			defaultConfigurationName = Release;
		};
		C98AA8BA254A330300A52C82 /* Build configuration list for PBXNativeTarget "MovieTestAppTests" */ = {
			isa = XCConfigurationList;
			buildConfigurations = (
				C98AA8BB254A330300A52C82 /* Debug */,
				C98AA8BC254A330300A52C82 /* Release */,
			);
			defaultConfigurationIsVisible = 0;
			defaultConfigurationName = Release;
		};
		C98AA8BD254A330300A52C82 /* Build configuration list for PBXNativeTarget "MovieTestAppUITests" */ = {
			isa = XCConfigurationList;
			buildConfigurations = (
				C98AA8BE254A330300A52C82 /* Debug */,
				C98AA8BF254A330300A52C82 /* Release */,
			);
			defaultConfigurationIsVisible = 0;
			defaultConfigurationName = Release;
		};
		C98AA93E254A42DA00A52C82 /* Build configuration list for PBXNativeTarget "TMDBKit" */ = {
			isa = XCConfigurationList;
			buildConfigurations = (
				C98AA93A254A42DA00A52C82 /* Debug */,
				C98AA93B254A42DA00A52C82 /* Release */,
			);
			defaultConfigurationIsVisible = 0;
			defaultConfigurationName = Release;
		};
		C98AA93F254A42DA00A52C82 /* Build configuration list for PBXNativeTarget "TMDBKitTests" */ = {
			isa = XCConfigurationList;
			buildConfigurations = (
				C98AA93C254A42DA00A52C82 /* Debug */,
				C98AA93D254A42DA00A52C82 /* Release */,
			);
			defaultConfigurationIsVisible = 0;
			defaultConfigurationName = Release;
		};
/* End XCConfigurationList section */

/* Begin XCVersionGroup section */
		C98AA896254A32FE00A52C82 /* MovieTestApp.xcdatamodeld */ = {
			isa = XCVersionGroup;
			children = (
				C98AA897254A32FE00A52C82 /* MovieTestApp.xcdatamodel */,
			);
			currentVersion = C98AA897254A32FE00A52C82 /* MovieTestApp.xcdatamodel */;
			path = MovieTestApp.xcdatamodeld;
			sourceTree = "<group>";
			versionGroupType = wrapper.xcdatamodel;
		};
/* End XCVersionGroup section */
	};
	rootObject = C98AA882254A32FE00A52C82 /* Project object */;
}
